// !$*UTF8*$!
{
	archiveVersion = 1;
	classes = {
	};
	objectVersion = 46;
	objects = {

/* Begin PBXBuildFile section */
		002B065261A2EB77B375F2A3 /* AppDelegate.swift in Sources */ = {isa = PBXBuildFile; fileRef = 20FCEE9B1AAE4A917D5D960D /* AppDelegate.swift */; };
		4313B2F41CFF68A300D269FF /* CoreDataSensitiveModel.xcdatamodeld in Sources */ = {isa = PBXBuildFile; fileRef = 4313B2F21CFF68A300D269FF /* CoreDataSensitiveModel.xcdatamodeld */; };
		4313B2FE1CFF6B1F00D269FF /* CoreDataSensitiveModel+CoreDataProperties.swift in Sources */ = {isa = PBXBuildFile; fileRef = 4313B2FC1CFF6B1F00D269FF /* CoreDataSensitiveModel+CoreDataProperties.swift */; };
		4313B2FF1CFF6B1F00D269FF /* CoreDataSensitiveModel.swift in Sources */ = {isa = PBXBuildFile; fileRef = 4313B2FD1CFF6B1F00D269FF /* CoreDataSensitiveModel.swift */; };
		4313B3231CFF755800D269FF /* BruteForceViewController.swift in Sources */ = {isa = PBXBuildFile; fileRef = 4313B3221CFF755800D269FF /* BruteForceViewController.swift */; };
		434F7C4B1D02155300951801 /* PasteboardViewController.swift in Sources */ = {isa = PBXBuildFile; fileRef = 434F7C4A1D02155300951801 /* PasteboardViewController.swift */; };
		43683FA01D00C714008F8156 /* BaseWireframe.swift in Sources */ = {isa = PBXBuildFile; fileRef = 43683F9F1D00C714008F8156 /* BaseWireframe.swift */; };
		43683FA51D00CBDF008F8156 /* SecurityManager.m in Sources */ = {isa = PBXBuildFile; fileRef = 43683FA41D00CBDF008F8156 /* SecurityManager.m */; };
		43683FAC1D00CDC6008F8156 /* PiracyDetectionViewController.swift in Sources */ = {isa = PBXBuildFile; fileRef = 43683FAB1D00CDC6008F8156 /* PiracyDetectionViewController.swift */; };
		43683FD71D00D80B008F8156 /* SecurityManagerSwiftWrapper.swift in Sources */ = {isa = PBXBuildFile; fileRef = 43683FD61D00D80B008F8156 /* SecurityManagerSwiftWrapper.swift */; };
		4384DC661CFE162C00FEAD22 /* CellMagic.swift in Sources */ = {isa = PBXBuildFile; fileRef = 4384DC631CFE162C00FEAD22 /* CellMagic.swift */; };
		4384DC671CFE162C00FEAD22 /* Storyboard.swift in Sources */ = {isa = PBXBuildFile; fileRef = 4384DC641CFE162C00FEAD22 /* Storyboard.swift */; };
		4384DC681CFE162C00FEAD22 /* View.swift in Sources */ = {isa = PBXBuildFile; fileRef = 4384DC651CFE162C00FEAD22 /* View.swift */; };
		4384DC761CFE215C00FEAD22 /* MainWireframe.swift in Sources */ = {isa = PBXBuildFile; fileRef = 4384DC751CFE215C00FEAD22 /* MainWireframe.swift */; };
		4384DC7F1CFE219800FEAD22 /* HomeViewController.swift in Sources */ = {isa = PBXBuildFile; fileRef = 4384DC7A1CFE219800FEAD22 /* HomeViewController.swift */; };
		4384DC831CFE2CED00FEAD22 /* BadLogInViewController.swift in Sources */ = {isa = PBXBuildFile; fileRef = 4384DC821CFE2CED00FEAD22 /* BadLogInViewController.swift */; };
		43A229371D00A7EB00E65D6C /* SSLPinningViewController.swift in Sources */ = {isa = PBXBuildFile; fileRef = 43A229361D00A7EB00E65D6C /* SSLPinningViewController.swift */; };
		43A229391D00A7FE00E65D6C /* github.com.cer in Resources */ = {isa = PBXBuildFile; fileRef = 43A229381D00A7FE00E65D6C /* github.com.cer */; };
		43A2293C1D00AD1100E65D6C /* TransportLayerSecurityViewController.swift in Sources */ = {isa = PBXBuildFile; fileRef = 43A2293B1D00AD1100E65D6C /* TransportLayerSecurityViewController.swift */; };
		43A2293F1D00BA1300E65D6C /* CodeInjectionViewController.swift in Sources */ = {isa = PBXBuildFile; fileRef = 43A2293E1D00BA1300E65D6C /* CodeInjectionViewController.swift */; };
		43BB81771CFEBF2300591292 /* LocalStorageViewController.swift in Sources */ = {isa = PBXBuildFile; fileRef = 43BB81761CFEBF2300591292 /* LocalStorageViewController.swift */; };
		43BB81791CFEC8D900591292 /* RealmSenstiveDataModel.swift in Sources */ = {isa = PBXBuildFile; fileRef = 43BB81781CFEC8D900591292 /* RealmSenstiveDataModel.swift */; };
		7904D1AAA59E795537141296 /* Constants.swift in Sources */ = {isa = PBXBuildFile; fileRef = B2555CE71D43A4EFADDF0FE2 /* Constants.swift */; };
		A3C2B5F5D4102FFCAE13A24B /* Foundation.framework in Frameworks */ = {isa = PBXBuildFile; fileRef = 1D2163AF44E425907F735CE6 /* Foundation.framework */; };
		B8F9283E97CFEA34A1992C73 /* Images.xcassets in Resources */ = {isa = PBXBuildFile; fileRef = FB033CD2552E70BD97257501 /* Images.xcassets */; };
		BEBCAC037B6B8D699776C929 /* Main.storyboard in Resources */ = {isa = PBXBuildFile; fileRef = 4CD6C976323ED09751A2A008 /* Main.storyboard */; };
		C8F142BF10DB41F1A025DE26 /* LaunchScreen.xib in Resources */ = {isa = PBXBuildFile; fileRef = 7F5E1ECC5407467F46C6D99E /* LaunchScreen.xib */; };
		F541087109FEB20ECD7BCBC9 /* Pods_iVictim.framework in Frameworks */ = {isa = PBXBuildFile; fileRef = 82FF630AE9883DF459FB1108 /* Pods_iVictim.framework */; };
/* End PBXBuildFile section */

/* Begin PBXContainerItemProxy section */
		A64ECA79DA54A803B198BDCC /* PBXContainerItemProxy */ = {
			isa = PBXContainerItemProxy;
			containerPortal = 333A8D7DD5E860F4EEBF8B0A /* Project object */;
			proxyType = 1;
			remoteGlobalIDString = 502CCDB8DC50EF4E4D3E5F93;
			remoteInfo = iVictim;
		};
/* End PBXContainerItemProxy section */

/* Begin PBXFileReference section */
		1D2163AF44E425907F735CE6 /* Foundation.framework */ = {isa = PBXFileReference; lastKnownFileType = wrapper.framework; name = Foundation.framework; path = Platforms/iPhoneOS.platform/Developer/SDKs/iPhoneOS8.3.sdk/System/Library/Frameworks/Foundation.framework; sourceTree = DEVELOPER_DIR; };
		2000EB8309CA0D9CD5A0868B /* Pods-iVictim7.debug.xcconfig */ = {isa = PBXFileReference; includeInIndex = 1; lastKnownFileType = text.xcconfig; name = "Pods-iVictim7.debug.xcconfig"; path = "Pods/Target Support Files/Pods-iVictim7/Pods-iVictim7.debug.xcconfig"; sourceTree = "<group>"; };
		20FCEE9B1AAE4A917D5D960D /* AppDelegate.swift */ = {isa = PBXFileReference; includeInIndex = 1; lastKnownFileType = sourcecode.swift; path = AppDelegate.swift; sourceTree = "<group>"; };
		4313B2F31CFF68A300D269FF /* CoreDataSensitiveModel.xcdatamodel */ = {isa = PBXFileReference; lastKnownFileType = wrapper.xcdatamodel; path = CoreDataSensitiveModel.xcdatamodel; sourceTree = "<group>"; };
		4313B2FC1CFF6B1F00D269FF /* CoreDataSensitiveModel+CoreDataProperties.swift */ = {isa = PBXFileReference; fileEncoding = 4; lastKnownFileType = sourcecode.swift; path = "CoreDataSensitiveModel+CoreDataProperties.swift"; sourceTree = "<group>"; };
		4313B2FD1CFF6B1F00D269FF /* CoreDataSensitiveModel.swift */ = {isa = PBXFileReference; fileEncoding = 4; lastKnownFileType = sourcecode.swift; path = CoreDataSensitiveModel.swift; sourceTree = "<group>"; };
		4313B3221CFF755800D269FF /* BruteForceViewController.swift */ = {isa = PBXFileReference; fileEncoding = 4; lastKnownFileType = sourcecode.swift; path = BruteForceViewController.swift; sourceTree = "<group>"; };
		434F7C4A1D02155300951801 /* PasteboardViewController.swift */ = {isa = PBXFileReference; fileEncoding = 4; lastKnownFileType = sourcecode.swift; path = PasteboardViewController.swift; sourceTree = "<group>"; };
		43683F9F1D00C714008F8156 /* BaseWireframe.swift */ = {isa = PBXFileReference; fileEncoding = 4; lastKnownFileType = sourcecode.swift; path = BaseWireframe.swift; sourceTree = "<group>"; };
		43683FA31D00CBDF008F8156 /* SecurityManager.h */ = {isa = PBXFileReference; fileEncoding = 4; lastKnownFileType = sourcecode.c.h; path = SecurityManager.h; sourceTree = "<group>"; };
		43683FA41D00CBDF008F8156 /* SecurityManager.m */ = {isa = PBXFileReference; fileEncoding = 4; lastKnownFileType = sourcecode.c.objc; path = SecurityManager.m; sourceTree = "<group>"; };
		43683FA61D00CC8F008F8156 /* BridgingHeader.h */ = {isa = PBXFileReference; fileEncoding = 4; lastKnownFileType = sourcecode.c.h; path = BridgingHeader.h; sourceTree = "<group>"; };
		43683FAB1D00CDC6008F8156 /* PiracyDetectionViewController.swift */ = {isa = PBXFileReference; fileEncoding = 4; lastKnownFileType = sourcecode.swift; path = PiracyDetectionViewController.swift; sourceTree = "<group>"; };
		43683FD51D00D333008F8156 /* iVictim copy-Info.plist */ = {isa = PBXFileReference; lastKnownFileType = text.plist.xml; name = "iVictim copy-Info.plist"; path = "/Users/Azzi/work/iPhone/iVictim/iVictim copy-Info.plist"; sourceTree = "<absolute>"; };
		43683FD61D00D80B008F8156 /* SecurityManagerSwiftWrapper.swift */ = {isa = PBXFileReference; fileEncoding = 4; lastKnownFileType = sourcecode.swift; path = SecurityManagerSwiftWrapper.swift; sourceTree = "<group>"; };
		4384DC631CFE162C00FEAD22 /* CellMagic.swift */ = {isa = PBXFileReference; fileEncoding = 4; lastKnownFileType = sourcecode.swift; path = CellMagic.swift; sourceTree = "<group>"; };
		4384DC641CFE162C00FEAD22 /* Storyboard.swift */ = {isa = PBXFileReference; fileEncoding = 4; lastKnownFileType = sourcecode.swift; path = Storyboard.swift; sourceTree = "<group>"; };
		4384DC651CFE162C00FEAD22 /* View.swift */ = {isa = PBXFileReference; fileEncoding = 4; lastKnownFileType = sourcecode.swift; path = View.swift; sourceTree = "<group>"; };
		4384DC751CFE215C00FEAD22 /* MainWireframe.swift */ = {isa = PBXFileReference; fileEncoding = 4; lastKnownFileType = sourcecode.swift; path = MainWireframe.swift; sourceTree = "<group>"; };
		4384DC7A1CFE219800FEAD22 /* HomeViewController.swift */ = {isa = PBXFileReference; fileEncoding = 4; lastKnownFileType = sourcecode.swift; path = HomeViewController.swift; sourceTree = "<group>"; };
		4384DC821CFE2CED00FEAD22 /* BadLogInViewController.swift */ = {isa = PBXFileReference; fileEncoding = 4; lastKnownFileType = sourcecode.swift; path = BadLogInViewController.swift; sourceTree = "<group>"; };
		43A229361D00A7EB00E65D6C /* SSLPinningViewController.swift */ = {isa = PBXFileReference; fileEncoding = 4; lastKnownFileType = sourcecode.swift; path = SSLPinningViewController.swift; sourceTree = "<group>"; };
		43A229381D00A7FE00E65D6C /* github.com.cer */ = {isa = PBXFileReference; lastKnownFileType = file; path = github.com.cer; sourceTree = "<group>"; };
		43A2293B1D00AD1100E65D6C /* TransportLayerSecurityViewController.swift */ = {isa = PBXFileReference; fileEncoding = 4; lastKnownFileType = sourcecode.swift; path = TransportLayerSecurityViewController.swift; sourceTree = "<group>"; };
		43A2293E1D00BA1300E65D6C /* CodeInjectionViewController.swift */ = {isa = PBXFileReference; fileEncoding = 4; lastKnownFileType = sourcecode.swift; path = CodeInjectionViewController.swift; sourceTree = "<group>"; };
		43BB81761CFEBF2300591292 /* LocalStorageViewController.swift */ = {isa = PBXFileReference; fileEncoding = 4; lastKnownFileType = sourcecode.swift; path = LocalStorageViewController.swift; sourceTree = "<group>"; };
		43BB81781CFEC8D900591292 /* RealmSenstiveDataModel.swift */ = {isa = PBXFileReference; fileEncoding = 4; lastKnownFileType = sourcecode.swift; path = RealmSenstiveDataModel.swift; sourceTree = "<group>"; };
		4CD6C976323ED09751A2A008 /* Main.storyboard */ = {isa = PBXFileReference; includeInIndex = 1; lastKnownFileType = file.storyboard; path = Main.storyboard; sourceTree = "<group>"; };
		5BD7607F3B70A398A40C60EB /* Pods-iVictim.debug.xcconfig */ = {isa = PBXFileReference; includeInIndex = 1; lastKnownFileType = text.xcconfig; name = "Pods-iVictim.debug.xcconfig"; path = "Pods/Target Support Files/Pods-iVictim/Pods-iVictim.debug.xcconfig"; sourceTree = "<group>"; };
		5C55DAF013E0C39B925CF0EB /* Pods_iVictim7.framework */ = {isa = PBXFileReference; explicitFileType = wrapper.framework; includeInIndex = 0; path = Pods_iVictim7.framework; sourceTree = BUILT_PRODUCTS_DIR; };
		600890E233DA8E5275E5A1CB /* Pods-iVictim7.release.xcconfig */ = {isa = PBXFileReference; includeInIndex = 1; lastKnownFileType = text.xcconfig; name = "Pods-iVictim7.release.xcconfig"; path = "Pods/Target Support Files/Pods-iVictim7/Pods-iVictim7.release.xcconfig"; sourceTree = "<group>"; };
		7F5E1ECC5407467F46C6D99E /* LaunchScreen.xib */ = {isa = PBXFileReference; includeInIndex = 1; lastKnownFileType = file.xib; path = LaunchScreen.xib; sourceTree = "<group>"; };
		82FF630AE9883DF459FB1108 /* Pods_iVictim.framework */ = {isa = PBXFileReference; explicitFileType = wrapper.framework; includeInIndex = 0; path = Pods_iVictim.framework; sourceTree = BUILT_PRODUCTS_DIR; };
		923552A9DC5AB393D0FBEAEC /* UnitTests-Info.plist */ = {isa = PBXFileReference; includeInIndex = 1; lastKnownFileType = text.plist.xml; path = "UnitTests-Info.plist"; sourceTree = "<group>"; };
		99B0A14E63BEAC39FF22967A /* Pods-iVictim.release.xcconfig */ = {isa = PBXFileReference; includeInIndex = 1; lastKnownFileType = text.xcconfig; name = "Pods-iVictim.release.xcconfig"; path = "Pods/Target Support Files/Pods-iVictim/Pods-iVictim.release.xcconfig"; sourceTree = "<group>"; };
		B2555CE71D43A4EFADDF0FE2 /* Constants.swift */ = {isa = PBXFileReference; includeInIndex = 1; lastKnownFileType = sourcecode.swift; path = Constants.swift; sourceTree = "<group>"; };
		C4079820901BB69C5F93E1B4 /* Info.plist */ = {isa = PBXFileReference; includeInIndex = 1; lastKnownFileType = text.plist.xml; path = Info.plist; sourceTree = "<group>"; };
		DBE1C0C1C495F15B3A130322 /* UnitTests.xctest */ = {isa = PBXFileReference; explicitFileType = wrapper.cfbundle; includeInIndex = 0; path = UnitTests.xctest; sourceTree = BUILT_PRODUCTS_DIR; };
		FB033CD2552E70BD97257501 /* Images.xcassets */ = {isa = PBXFileReference; includeInIndex = 1; lastKnownFileType = folder.assetcatalog; path = Images.xcassets; sourceTree = "<group>"; };
		FFA590C85FC55D30118ADFE1 /* iVictim.app */ = {isa = PBXFileReference; explicitFileType = wrapper.application; includeInIndex = 0; path = iVictim.app; sourceTree = BUILT_PRODUCTS_DIR; };
/* End PBXFileReference section */

/* Begin PBXFrameworksBuildPhase section */
		7F9EBE3C32680C76F6F561DF /* Frameworks */ = {
			isa = PBXFrameworksBuildPhase;
			buildActionMask = 2147483647;
			files = (
			);
			runOnlyForDeploymentPostprocessing = 0;
		};
		CE2F8837D27C714CA2F5E34B /* Frameworks */ = {
			isa = PBXFrameworksBuildPhase;
			buildActionMask = 2147483647;
			files = (
				A3C2B5F5D4102FFCAE13A24B /* Foundation.framework in Frameworks */,
				F541087109FEB20ECD7BCBC9 /* Pods_iVictim.framework in Frameworks */,
			);
			runOnlyForDeploymentPostprocessing = 0;
		};
/* End PBXFrameworksBuildPhase section */

/* Begin PBXGroup section */
		0ECF13C4BF51BE9C59589B89 /* Launch-Screen */ = {
			isa = PBXGroup;
			children = (
				7F5E1ECC5407467F46C6D99E /* LaunchScreen.xib */,
			);
			path = "Launch-Screen";
			sourceTree = "<group>";
		};
		30451549B90B4DA6E39ABBFB /* Application */ = {
			isa = PBXGroup;
			children = (
				20FCEE9B1AAE4A917D5D960D /* AppDelegate.swift */,
				43683FA61D00CC8F008F8156 /* BridgingHeader.h */,
			);
			path = Application;
			sourceTree = "<group>";
		};
		4313B3211CFF754400D269FF /* Bruce Force */ = {
			isa = PBXGroup;
			children = (
				4313B3221CFF755800D269FF /* BruteForceViewController.swift */,
			);
			path = "Bruce Force";
			sourceTree = "<group>";
		};
		434F7C491D02154100951801 /* Pasteboard */ = {
			isa = PBXGroup;
			children = (
				434F7C4A1D02155300951801 /* PasteboardViewController.swift */,
			);
			path = Pasteboard;
			sourceTree = "<group>";
		};
		43683FA71D00CD86008F8156 /* Piracy Detection */ = {
			isa = PBXGroup;
			children = (
				43683FAB1D00CDC6008F8156 /* PiracyDetectionViewController.swift */,
			);
			path = "Piracy Detection";
			sourceTree = "<group>";
		};
		4384DC6A1CFE180400FEAD22 /* Home */ = {
			isa = PBXGroup;
			children = (
				4384DC7A1CFE219800FEAD22 /* HomeViewController.swift */,
			);
			name = Home;
			path = Menu;
			sourceTree = "<group>";
		};
		4384DC811CFE2CDE00FEAD22 /* Bad LogIn */ = {
			isa = PBXGroup;
			children = (
				4384DC821CFE2CED00FEAD22 /* BadLogInViewController.swift */,
			);
			path = "Bad LogIn";
			sourceTree = "<group>";
		};
		43A229351D00A7D600E65D6C /* SSL Pinning */ = {
			isa = PBXGroup;
			children = (
				43A229381D00A7FE00E65D6C /* github.com.cer */,
				43A229361D00A7EB00E65D6C /* SSLPinningViewController.swift */,
			);
			path = "SSL Pinning";
			sourceTree = "<group>";
		};
		43A2293A1D00ACE600E65D6C /* Transport Layer Security */ = {
			isa = PBXGroup;
			children = (
				43A2293B1D00AD1100E65D6C /* TransportLayerSecurityViewController.swift */,
			);
			path = "Transport Layer Security";
			sourceTree = "<group>";
		};
		43A2293D1D00BA0100E65D6C /* Code Injection */ = {
			isa = PBXGroup;
			children = (
				43A2293E1D00BA1300E65D6C /* CodeInjectionViewController.swift */,
			);
			path = "Code Injection";
			sourceTree = "<group>";
		};
		43BB81751CFEBF1500591292 /* Local Storage */ = {
			isa = PBXGroup;
			children = (
				43BB81761CFEBF2300591292 /* LocalStorageViewController.swift */,
				43BB81781CFEC8D900591292 /* RealmSenstiveDataModel.swift */,
				4313B2F21CFF68A300D269FF /* CoreDataSensitiveModel.xcdatamodeld */,
				4313B2FC1CFF6B1F00D269FF /* CoreDataSensitiveModel+CoreDataProperties.swift */,
				4313B2FD1CFF6B1F00D269FF /* CoreDataSensitiveModel.swift */,
			);
			path = "Local Storage";
			sourceTree = "<group>";
		};
		536AC0568C03CDC860034B58 /* UnitTests */ = {
			isa = PBXGroup;
			children = (
				B35CE0923A8585116F79E1E2 /* Resources */,
				9AA4315A369A8ED03693AE22 /* Helpers */,
				BC4F3CDBFA58DC4A9A8814AA /* Tests */,
			);
			path = UnitTests;
			sourceTree = "<group>";
		};
		6047556011F76A13B8BCFB99 /* Frameworks */ = {
			isa = PBXGroup;
			children = (
				78947910A44056EA97D499EA /* iOS */,
				82FF630AE9883DF459FB1108 /* Pods_iVictim.framework */,
				5C55DAF013E0C39B925CF0EB /* Pods_iVictim7.framework */,
			);
			name = Frameworks;
			sourceTree = "<group>";
		};
		64892D9B86035C5C71D12030 /* Other-Sources */ = {
			isa = PBXGroup;
			children = (
				C4079820901BB69C5F93E1B4 /* Info.plist */,
			);
			path = "Other-Sources";
			sourceTree = "<group>";
		};
		68CB9CE0B8B2ACDD25605DD0 /* iVictim */ = {
			isa = PBXGroup;
			children = (
				30451549B90B4DA6E39ABBFB /* Application */,
				98737D0139795EDBE0AD31B9 /* Common */,
				DD5D37AED06C92358990BA7B /* Modules */,
				B42DE46FFE5277D84E772883 /* Resources */,
			);
			path = iVictim;
			sourceTree = "<group>";
		};
		6B124E0AF1C74DC033171846 /* Constants */ = {
			isa = PBXGroup;
			children = (
				B2555CE71D43A4EFADDF0FE2 /* Constants.swift */,
				43683F9F1D00C714008F8156 /* BaseWireframe.swift */,
			);
			path = Constants;
			sourceTree = "<group>";
		};
		785696DDDBD62B9D4EBC4462 /* Pods */ = {
			isa = PBXGroup;
			children = (
				99B0A14E63BEAC39FF22967A /* Pods-iVictim.release.xcconfig */,
				5BD7607F3B70A398A40C60EB /* Pods-iVictim.debug.xcconfig */,
				600890E233DA8E5275E5A1CB /* Pods-iVictim7.release.xcconfig */,
				2000EB8309CA0D9CD5A0868B /* Pods-iVictim7.debug.xcconfig */,
			);
			name = Pods;
			sourceTree = "<group>";
		};
		78947910A44056EA97D499EA /* iOS */ = {
			isa = PBXGroup;
			children = (
				1D2163AF44E425907F735CE6 /* Foundation.framework */,
			);
			name = iOS;
			sourceTree = "<group>";
		};
		98737D0139795EDBE0AD31B9 /* Common */ = {
			isa = PBXGroup;
			children = (
				6B124E0AF1C74DC033171846 /* Constants */,
				C8DF60830A6DFFAF4A41D26A /* Extensions */,
			);
			path = Common;
			sourceTree = "<group>";
		};
		9AA4315A369A8ED03693AE22 /* Helpers */ = {
			isa = PBXGroup;
			children = (
			);
			path = Helpers;
			sourceTree = "<group>";
		};
		B35CE0923A8585116F79E1E2 /* Resources */ = {
			isa = PBXGroup;
			children = (
				923552A9DC5AB393D0FBEAEC /* UnitTests-Info.plist */,
			);
			path = Resources;
			sourceTree = "<group>";
		};
		B42DE46FFE5277D84E772883 /* Resources */ = {
			isa = PBXGroup;
			children = (
				FB033CD2552E70BD97257501 /* Images.xcassets */,
				0ECF13C4BF51BE9C59589B89 /* Launch-Screen */,
				64892D9B86035C5C71D12030 /* Other-Sources */,
			);
			path = Resources;
			sourceTree = "<group>";
		};
		BC4F3CDBFA58DC4A9A8814AA /* Tests */ = {
			isa = PBXGroup;
			children = (
			);
			path = Tests;
			sourceTree = "<group>";
		};
		BEBE2C55F5558EA4B2138106 /* Products */ = {
			isa = PBXGroup;
			children = (
				FFA590C85FC55D30118ADFE1 /* iVictim.app */,
				DBE1C0C1C495F15B3A130322 /* UnitTests.xctest */,
			);
			name = Products;
			sourceTree = "<group>";
		};
		C8DF60830A6DFFAF4A41D26A /* Extensions */ = {
			isa = PBXGroup;
			children = (
				4384DC631CFE162C00FEAD22 /* CellMagic.swift */,
				4384DC641CFE162C00FEAD22 /* Storyboard.swift */,
				4384DC651CFE162C00FEAD22 /* View.swift */,
			);
			path = Extensions;
			sourceTree = "<group>";
		};
		D341B35596BA7CD46A81C7B0 /* Main */ = {
			isa = PBXGroup;
			children = (
				434F7C491D02154100951801 /* Pasteboard */,
				43683FA71D00CD86008F8156 /* Piracy Detection */,
				43A2293D1D00BA0100E65D6C /* Code Injection */,
				43A2293A1D00ACE600E65D6C /* Transport Layer Security */,
				43A229351D00A7D600E65D6C /* SSL Pinning */,
				4313B3211CFF754400D269FF /* Bruce Force */,
				43BB81751CFEBF1500591292 /* Local Storage */,
				4384DC811CFE2CDE00FEAD22 /* Bad LogIn */,
				4384DC6A1CFE180400FEAD22 /* Home */,
				4CD6C976323ED09751A2A008 /* Main.storyboard */,
				4384DC751CFE215C00FEAD22 /* MainWireframe.swift */,
				43683FD61D00D80B008F8156 /* SecurityManagerSwiftWrapper.swift */,
				43683FA31D00CBDF008F8156 /* SecurityManager.h */,
				43683FA41D00CBDF008F8156 /* SecurityManager.m */,
			);
			path = Main;
			sourceTree = "<group>";
		};
		DD5D37AED06C92358990BA7B /* Modules */ = {
			isa = PBXGroup;
			children = (
				D341B35596BA7CD46A81C7B0 /* Main */,
			);
			path = Modules;
			sourceTree = "<group>";
		};
		DF8F842523236841B69DA3D4 = {
			isa = PBXGroup;
			children = (
				68CB9CE0B8B2ACDD25605DD0 /* iVictim */,
				536AC0568C03CDC860034B58 /* UnitTests */,
				6047556011F76A13B8BCFB99 /* Frameworks */,
				BEBE2C55F5558EA4B2138106 /* Products */,
				785696DDDBD62B9D4EBC4462 /* Pods */,
				43683FD51D00D333008F8156 /* iVictim copy-Info.plist */,
			);
			indentWidth = 4;
			sourceTree = "<group>";
			tabWidth = 4;
			usesTabs = 0;
		};
/* End PBXGroup section */

/* Begin PBXNativeTarget section */
		502CCDB8DC50EF4E4D3E5F93 /* iVictim */ = {
			isa = PBXNativeTarget;
			buildConfigurationList = 74DC824201F92DCF48B44C2D /* Build configuration list for PBXNativeTarget "iVictim" */;
			buildPhases = (
				D8E6DCD1095D42CB9E0CB9F4 /* 📦 Check Pods Manifest.lock */,
				CDD477C32DB693B69FEE4A04 /* Sources */,
				CE2F8837D27C714CA2F5E34B /* Frameworks */,
				A7C36D43561D3F054EBDDC54 /* Resources */,
				3C30C2EF6298B90E9A1AD86A /* 📦 Embed Pods Frameworks */,
				CEAE06F1255A4733CF0CCE08 /* 📦 Copy Pods Resources */,
				788557901D35F84F00919CA9 /* Warn for TODO and FIXME comments */,
				1591AFE62017820CD5B4C006 /* Set version number */,
			);
			buildRules = (
			);
			dependencies = (
			);
			name = iVictim;
			productName = iVictim;
			productReference = FFA590C85FC55D30118ADFE1 /* iVictim.app */;
			productType = "com.apple.product-type.application";
		};
		9471CEDA450638C6C1E16B35 /* UnitTests */ = {
			isa = PBXNativeTarget;
			buildConfigurationList = ACD7CB39612615662FDF51BC /* Build configuration list for PBXNativeTarget "UnitTests" */;
			buildPhases = (
				804AAB7801E35F3C9F9FA179 /* Sources */,
				7F9EBE3C32680C76F6F561DF /* Frameworks */,
				B21A3AD78E513285127A733E /* Resources */,
			);
			buildRules = (
			);
			dependencies = (
				CE1A5D07639BF91943686727 /* PBXTargetDependency */,
			);
			name = UnitTests;
			productName = UnitTests;
			productReference = DBE1C0C1C495F15B3A130322 /* UnitTests.xctest */;
			productType = "com.apple.product-type.bundle.unit-test";
		};
/* End PBXNativeTarget section */

/* Begin PBXProject section */
		333A8D7DD5E860F4EEBF8B0A /* Project object */ = {
			isa = PBXProject;
			attributes = {
				CLASSPREFIX = "";
				LastSwiftUpdateCheck = 0730;
				LastUpgradeCheck = 0700;
				ORGANIZATIONNAME = "";
			};
			buildConfigurationList = 9A1807CC8F921FAA1ED0A123 /* Build configuration list for PBXProject "iVictim" */;
			compatibilityVersion = "Xcode 3.2";
			developmentRegion = English;
			hasScannedForEncodings = 0;
			knownRegions = (
				en,
			);
			mainGroup = DF8F842523236841B69DA3D4;
			productRefGroup = BEBE2C55F5558EA4B2138106 /* Products */;
			projectDirPath = "";
			projectRoot = "";
			targets = (
				502CCDB8DC50EF4E4D3E5F93 /* iVictim */,
				9471CEDA450638C6C1E16B35 /* UnitTests */,
			);
		};
/* End PBXProject section */

/* Begin PBXResourcesBuildPhase section */
		A7C36D43561D3F054EBDDC54 /* Resources */ = {
			isa = PBXResourcesBuildPhase;
			buildActionMask = 2147483647;
			files = (
				BEBCAC037B6B8D699776C929 /* Main.storyboard in Resources */,
				B8F9283E97CFEA34A1992C73 /* Images.xcassets in Resources */,
				43A229391D00A7FE00E65D6C /* github.com.cer in Resources */,
				C8F142BF10DB41F1A025DE26 /* LaunchScreen.xib in Resources */,
			);
			runOnlyForDeploymentPostprocessing = 0;
		};
		B21A3AD78E513285127A733E /* Resources */ = {
			isa = PBXResourcesBuildPhase;
			buildActionMask = 2147483647;
			files = (
			);
			runOnlyForDeploymentPostprocessing = 0;
		};
/* End PBXResourcesBuildPhase section */

/* Begin PBXShellScriptBuildPhase section */
		1591AFE62017820CD5B4C006 /* Set version number */ = {
			isa = PBXShellScriptBuildPhase;
			buildActionMask = 2147483647;
			files = (
			);
			inputPaths = (
			);
			name = "Set version number";
			outputPaths = (
			);
			runOnlyForDeploymentPostprocessing = 0;
			shellPath = /bin/sh;
			shellScript = "git=$(sh /etc/profile; which git)\ngit_release_version=$(\"$git\" describe --tags --always --abbrev=0)\nnumber_of_commits=$(\"$git\" rev-list master --count)\ntarget_plist=\"$TARGET_BUILD_DIR/$INFOPLIST_PATH\"\ndsym_plist=\"$DWARF_DSYM_FOLDER_PATH/$DWARF_DSYM_FILE_NAME/Contents/Info.plist\"\n\nfor plist in \"$target_plist\" \"$dsym_plist\"; do\n  if [ -f \"$plist\" ]; then\n    /usr/libexec/PlistBuddy -c \"Set :CFBundleVersion $number_of_commits\" \"$plist\"\n    /usr/libexec/PlistBuddy -c \"Set :CFBundleShortVersionString ${git_release_version#*v}\" \"$plist\"\n  fi\ndone\n";
		};
		3C30C2EF6298B90E9A1AD86A /* 📦 Embed Pods Frameworks */ = {
			isa = PBXShellScriptBuildPhase;
			buildActionMask = 2147483647;
			files = (
			);
			inputPaths = (
			);
			name = "📦 Embed Pods Frameworks";
			outputPaths = (
			);
			runOnlyForDeploymentPostprocessing = 0;
			shellPath = /bin/sh;
			shellScript = "\"${SRCROOT}/Pods/Target Support Files/Pods-iVictim/Pods-iVictim-frameworks.sh\"\n";
			showEnvVarsInLog = 0;
		};
		788557901D35F84F00919CA9 /* Warn for TODO and FIXME comments */ = {
			isa = PBXShellScriptBuildPhase;
			buildActionMask = 2147483647;
			files = (
			);
			inputPaths = (
			);
			name = "Warn for TODO and FIXME comments";
			outputPaths = (
			);
			runOnlyForDeploymentPostprocessing = 0;
			shellPath = /bin/sh;
			shellScript = "KEYWORDS=\"TODO:|FIXME:|\\?\\?\\?:|\\!\\!\\!:\"\nFILE_EXTENSIONS=\"swift|h|m|mm|c|cpp\"\nfind -E \"${SRCROOT}\" -ipath \"${SRCROOT}/Carthage\" -o -ipath \"${SRCROOT}/pods\" -prune -o \\( -regex \".*\\.($FILE_EXTENSIONS)$\" \\) -print0 | xargs -0 egrep --with-filename --line-number --only-matching \"($KEYWORDS).*\\$\" | perl -p -e \"s/($KEYWORDS)/ warning: \\$1/\"\n";
		};
		CEAE06F1255A4733CF0CCE08 /* 📦 Copy Pods Resources */ = {
			isa = PBXShellScriptBuildPhase;
			buildActionMask = 2147483647;
			files = (
			);
			inputPaths = (
			);
			name = "📦 Copy Pods Resources";
			outputPaths = (
			);
			runOnlyForDeploymentPostprocessing = 0;
			shellPath = /bin/sh;
			shellScript = "\"${SRCROOT}/Pods/Target Support Files/Pods-iVictim/Pods-iVictim-resources.sh\"\n";
			showEnvVarsInLog = 0;
		};
		D8E6DCD1095D42CB9E0CB9F4 /* 📦 Check Pods Manifest.lock */ = {
			isa = PBXShellScriptBuildPhase;
			buildActionMask = 2147483647;
			files = (
			);
			inputPaths = (
			);
			name = "📦 Check Pods Manifest.lock";
			outputPaths = (
			);
			runOnlyForDeploymentPostprocessing = 0;
			shellPath = /bin/sh;
			shellScript = "diff \"${PODS_ROOT}/../Podfile.lock\" \"${PODS_ROOT}/Manifest.lock\" > /dev/null\nif [[ $? != 0 ]] ; then\n    cat << EOM\nerror: The sandbox is not in sync with the Podfile.lock. Run 'pod install' or update your CocoaPods installation.\nEOM\n    exit 1\nfi\n";
			showEnvVarsInLog = 0;
		};
/* End PBXShellScriptBuildPhase section */

/* Begin PBXSourcesBuildPhase section */
		804AAB7801E35F3C9F9FA179 /* Sources */ = {
			isa = PBXSourcesBuildPhase;
			buildActionMask = 2147483647;
			files = (
			);
			runOnlyForDeploymentPostprocessing = 0;
		};
		CDD477C32DB693B69FEE4A04 /* Sources */ = {
			isa = PBXSourcesBuildPhase;
			buildActionMask = 2147483647;
			files = (
				002B065261A2EB77B375F2A3 /* AppDelegate.swift in Sources */,
				4313B2FF1CFF6B1F00D269FF /* CoreDataSensitiveModel.swift in Sources */,
				7904D1AAA59E795537141296 /* Constants.swift in Sources */,
				4384DC681CFE162C00FEAD22 /* View.swift in Sources */,
				4384DC761CFE215C00FEAD22 /* MainWireframe.swift in Sources */,
				43BB81791CFEC8D900591292 /* RealmSenstiveDataModel.swift in Sources */,
				43A229371D00A7EB00E65D6C /* SSLPinningViewController.swift in Sources */,
				43683FAC1D00CDC6008F8156 /* PiracyDetectionViewController.swift in Sources */,
				43BB81771CFEBF2300591292 /* LocalStorageViewController.swift in Sources */,
				4313B2F41CFF68A300D269FF /* CoreDataSensitiveModel.xcdatamodeld in Sources */,
				43683FD71D00D80B008F8156 /* SecurityManagerSwiftWrapper.swift in Sources */,
				4313B3231CFF755800D269FF /* BruteForceViewController.swift in Sources */,
				4384DC661CFE162C00FEAD22 /* CellMagic.swift in Sources */,
				43A2293C1D00AD1100E65D6C /* TransportLayerSecurityViewController.swift in Sources */,
				4313B2FE1CFF6B1F00D269FF /* CoreDataSensitiveModel+CoreDataProperties.swift in Sources */,
				4384DC831CFE2CED00FEAD22 /* BadLogInViewController.swift in Sources */,
				43683FA01D00C714008F8156 /* BaseWireframe.swift in Sources */,
				434F7C4B1D02155300951801 /* PasteboardViewController.swift in Sources */,
				43A2293F1D00BA1300E65D6C /* CodeInjectionViewController.swift in Sources */,
				4384DC7F1CFE219800FEAD22 /* HomeViewController.swift in Sources */,
				4384DC671CFE162C00FEAD22 /* Storyboard.swift in Sources */,
				43683FA51D00CBDF008F8156 /* SecurityManager.m in Sources */,
			);
			runOnlyForDeploymentPostprocessing = 0;
		};
/* End PBXSourcesBuildPhase section */

/* Begin PBXTargetDependency section */
		CE1A5D07639BF91943686727 /* PBXTargetDependency */ = {
			isa = PBXTargetDependency;
			name = iVictim;
			target = 502CCDB8DC50EF4E4D3E5F93 /* iVictim */;
			targetProxy = A64ECA79DA54A803B198BDCC /* PBXContainerItemProxy */;
		};
/* End PBXTargetDependency section */

/* Begin XCBuildConfiguration section */
		03BC83416D9613D373277B4C /* Release */ = {
			isa = XCBuildConfiguration;
			buildSettings = {
				BUNDLE_LOADER = "$(BUILT_PRODUCTS_DIR)/iVictim.app/iVictim";
				ENABLE_STRICT_OBJC_MSGSEND = YES;
				FRAMEWORK_SEARCH_PATHS = (
					"$(SDKROOT)/Developer/Library/Frameworks",
					"$(inherited)",
					"$(DEVELOPER_FRAMEWORKS_DIR)",
				);
				INFOPLIST_FILE = "UnitTests/Resources/UnitTests-Info.plist";
				PRODUCT_NAME = "$(TARGET_NAME)";
				SDKROOT = iphoneos;
				SKIP_INSTALL = YES;
				TEST_HOST = "$(BUNDLE_LOADER)";
				WRAPPER_EXTENSION = xctest;
			};
			name = Release;
		};
		164BFDC3AB7EEA056D6BDF9D /* Release */ = {
			isa = XCBuildConfiguration;
			baseConfigurationReference = 99B0A14E63BEAC39FF22967A /* Pods-iVictim.release.xcconfig */;
			buildSettings = {
				ASSETCATALOG_COMPILER_APPICON_NAME = AppIcon;
				CLANG_ENABLE_MODULES = YES;
				"CODE_SIGN_IDENTITY[sdk=iphoneos*]" = "iPhone Developer";
				ENABLE_STRICT_OBJC_MSGSEND = YES;
				GCC_TREAT_WARNINGS_AS_ERRORS = YES;
				INFOPLIST_FILE = "iVictim/Resources/Other-Sources/Info.plist";
				IPHONEOS_DEPLOYMENT_TARGET = 8.0;
				LD_RUNPATH_SEARCH_PATHS = "$(inherited) @executable_path/Frameworks";
				MTL_ENABLE_DEBUG_INFO = NO;
				PRODUCT_NAME = "$(TARGET_NAME)";
				SDKROOT = iphoneos;
				SWIFT_OBJC_BRIDGING_HEADER = iVictim/Application/BridgingHeader.h;
			};
			name = Release;
		};
		2202BE24D5802530E6C48FB6 /* Debug */ = {
			isa = XCBuildConfiguration;
			buildSettings = {
				BUNDLE_LOADER = "$(BUILT_PRODUCTS_DIR)/iVictim.app/iVictim";
				ENABLE_STRICT_OBJC_MSGSEND = YES;
				FRAMEWORK_SEARCH_PATHS = (
					"$(SDKROOT)/Developer/Library/Frameworks",
					"$(inherited)",
					"$(DEVELOPER_FRAMEWORKS_DIR)",
				);
				INFOPLIST_FILE = "UnitTests/Resources/UnitTests-Info.plist";
				PRODUCT_NAME = "$(TARGET_NAME)";
				SDKROOT = iphoneos;
				SKIP_INSTALL = YES;
				TEST_HOST = "$(BUNDLE_LOADER)";
				WRAPPER_EXTENSION = xctest;
			};
			name = Debug;
		};
		5C03E874011631B08AD6B71D /* Release */ = {
			isa = XCBuildConfiguration;
			buildSettings = {
				ALWAYS_SEARCH_USER_PATHS = NO;
				ASSETCATALOG_COMPILER_APPICON_NAME = AppIcon;
				CLANG_CXX_LANGUAGE_STANDARD = "gnu++0x";
				CLANG_CXX_LIBRARY = "libc++";
				CLANG_ENABLE_MODULES = YES;
				CLANG_ENABLE_OBJC_ARC = YES;
				CLANG_WARN_BOOL_CONVERSION = YES;
				CLANG_WARN_CONSTANT_CONVERSION = YES;
				CLANG_WARN_DEPRECATED_OBJC_IMPLEMENTATIONS = YES;
				CLANG_WARN_DIRECT_OBJC_ISA_USAGE = YES;
				CLANG_WARN_EMPTY_BODY = YES;
				CLANG_WARN_ENUM_CONVERSION = YES;
				CLANG_WARN_IMPLICIT_SIGN_CONVERSION = YES;
				CLANG_WARN_INT_CONVERSION = YES;
				CLANG_WARN_OBJC_IMPLICIT_RETAIN_SELF = YES;
				CLANG_WARN_OBJC_ROOT_CLASS = YES;
				CLANG_WARN_SUSPICIOUS_IMPLICIT_CONVERSION = YES;
				CLANG_WARN_UNREACHABLE_CODE = YES;
				CLANG_WARN__DUPLICATE_METHOD_MATCH = YES;
				"CODE_SIGN_IDENTITY[sdk=iphoneos*]" = "iPhone Developer";
				COPY_PHASE_STRIP = YES;
				ENABLE_NS_ASSERTIONS = NO;
				GCC_C_LANGUAGE_STANDARD = gnu99;
				GCC_WARN_64_TO_32_BIT_CONVERSION = YES;
				GCC_WARN_ABOUT_DEPRECATED_FUNCTIONS = YES;
				GCC_WARN_ABOUT_MISSING_FIELD_INITIALIZERS = YES;
				GCC_WARN_ABOUT_MISSING_NEWLINE = YES;
				GCC_WARN_ABOUT_RETURN_TYPE = YES;
				GCC_WARN_CHECK_SWITCH_STATEMENTS = YES;
				GCC_WARN_INITIALIZER_NOT_FULLY_BRACKETED = YES;
				GCC_WARN_MISSING_PARENTHESES = YES;
				GCC_WARN_SHADOW = YES;
				GCC_WARN_SIGN_COMPARE = YES;
				GCC_WARN_TYPECHECK_CALLS_TO_PRINTF = YES;
				GCC_WARN_UNDECLARED_SELECTOR = YES;
				GCC_WARN_UNINITIALIZED_AUTOS = YES;
				GCC_WARN_UNUSED_FUNCTION = YES;
				GCC_WARN_UNUSED_LABEL = YES;
				GCC_WARN_UNUSED_VALUE = YES;
				GCC_WARN_UNUSED_VARIABLE = YES;
				IPHONEOS_DEPLOYMENT_TARGET = 8.0;
				RUN_CLANG_STATIC_ANALYZER = YES;
				SDKROOT = iphoneos;
				VALIDATE_PRODUCT = YES;
			};
			name = Release;
		};
		6BAD27507C56EBD417F48000 /* Debug */ = {
			isa = XCBuildConfiguration;
			baseConfigurationReference = 5BD7607F3B70A398A40C60EB /* Pods-iVictim.debug.xcconfig */;
			buildSettings = {
				ASSETCATALOG_COMPILER_APPICON_NAME = AppIcon;
				CLANG_ENABLE_MODULES = YES;
				"CODE_SIGN_IDENTITY[sdk=iphoneos*]" = "iPhone Developer";
				ENABLE_STRICT_OBJC_MSGSEND = YES;
				INFOPLIST_FILE = "iVictim/Resources/Other-Sources/Info.plist";
				IPHONEOS_DEPLOYMENT_TARGET = 8.0;
				LD_RUNPATH_SEARCH_PATHS = "$(inherited) @executable_path/Frameworks";
				MTL_ENABLE_DEBUG_INFO = YES;
				PRODUCT_NAME = "$(TARGET_NAME)";
				SDKROOT = iphoneos;
				SWIFT_OBJC_BRIDGING_HEADER = iVictim/Application/BridgingHeader.h;
				SWIFT_OPTIMIZATION_LEVEL = "-Onone";
			};
			name = Debug;
		};
		E88CD1A5BF7E0BEDC0804ECB /* Debug */ = {
			isa = XCBuildConfiguration;
			buildSettings = {
				ALWAYS_SEARCH_USER_PATHS = NO;
				ASSETCATALOG_COMPILER_APPICON_NAME = AppIcon;
				CLANG_CXX_LANGUAGE_STANDARD = "gnu++0x";
				CLANG_CXX_LIBRARY = "libc++";
				CLANG_ENABLE_MODULES = YES;
				CLANG_ENABLE_OBJC_ARC = YES;
				CLANG_WARN_BOOL_CONVERSION = YES;
				CLANG_WARN_CONSTANT_CONVERSION = YES;
				CLANG_WARN_DEPRECATED_OBJC_IMPLEMENTATIONS = YES;
				CLANG_WARN_DIRECT_OBJC_ISA_USAGE = YES;
				CLANG_WARN_EMPTY_BODY = YES;
				CLANG_WARN_ENUM_CONVERSION = YES;
				CLANG_WARN_IMPLICIT_SIGN_CONVERSION = YES;
				CLANG_WARN_INT_CONVERSION = YES;
				CLANG_WARN_OBJC_IMPLICIT_RETAIN_SELF = YES;
				CLANG_WARN_OBJC_ROOT_CLASS = YES;
				CLANG_WARN_SUSPICIOUS_IMPLICIT_CONVERSION = YES;
				CLANG_WARN_UNREACHABLE_CODE = YES;
				CLANG_WARN__DUPLICATE_METHOD_MATCH = YES;
				"CODE_SIGN_IDENTITY[sdk=iphoneos*]" = "iPhone Developer";
				COPY_PHASE_STRIP = NO;
				GCC_C_LANGUAGE_STANDARD = gnu99;
				GCC_DYNAMIC_NO_PIC = NO;
				GCC_OPTIMIZATION_LEVEL = 0;
				GCC_PREPROCESSOR_DEFINITIONS = (
					"DEBUG=1",
					"$(inherited)",
				);
				GCC_SYMBOLS_PRIVATE_EXTERN = NO;
				GCC_WARN_64_TO_32_BIT_CONVERSION = YES;
				GCC_WARN_ABOUT_DEPRECATED_FUNCTIONS = YES;
				GCC_WARN_ABOUT_MISSING_FIELD_INITIALIZERS = YES;
				GCC_WARN_ABOUT_MISSING_NEWLINE = YES;
				GCC_WARN_ABOUT_RETURN_TYPE = YES;
				GCC_WARN_CHECK_SWITCH_STATEMENTS = YES;
				GCC_WARN_INITIALIZER_NOT_FULLY_BRACKETED = YES;
				GCC_WARN_MISSING_PARENTHESES = YES;
				GCC_WARN_SHADOW = YES;
				GCC_WARN_SIGN_COMPARE = YES;
				GCC_WARN_TYPECHECK_CALLS_TO_PRINTF = YES;
				GCC_WARN_UNDECLARED_SELECTOR = YES;
				GCC_WARN_UNINITIALIZED_AUTOS = YES;
				GCC_WARN_UNUSED_FUNCTION = YES;
				GCC_WARN_UNUSED_LABEL = YES;
				GCC_WARN_UNUSED_VALUE = YES;
				GCC_WARN_UNUSED_VARIABLE = YES;
				IPHONEOS_DEPLOYMENT_TARGET = 8.0;
				ONLY_ACTIVE_ARCH = YES;
				RUN_CLANG_STATIC_ANALYZER = YES;
				SDKROOT = iphoneos;
			};
			name = Debug;
		};
/* End XCBuildConfiguration section */

/* Begin XCConfigurationList section */
		74DC824201F92DCF48B44C2D /* Build configuration list for PBXNativeTarget "iVictim" */ = {
			isa = XCConfigurationList;
			buildConfigurations = (
				164BFDC3AB7EEA056D6BDF9D /* Release */,
				6BAD27507C56EBD417F48000 /* Debug */,
			);
			defaultConfigurationIsVisible = 0;
			defaultConfigurationName = Release;
		};
		9A1807CC8F921FAA1ED0A123 /* Build configuration list for PBXProject "iVictim" */ = {
			isa = XCConfigurationList;
			buildConfigurations = (
				E88CD1A5BF7E0BEDC0804ECB /* Debug */,
				5C03E874011631B08AD6B71D /* Release */,
			);
			defaultConfigurationIsVisible = 0;
			defaultConfigurationName = Release;
		};
		ACD7CB39612615662FDF51BC /* Build configuration list for PBXNativeTarget "UnitTests" */ = {
			isa = XCConfigurationList;
			buildConfigurations = (
				03BC83416D9613D373277B4C /* Release */,
				2202BE24D5802530E6C48FB6 /* Debug */,
			);
			defaultConfigurationIsVisible = 0;
			defaultConfigurationName = Release;
		};
/* End XCConfigurationList section */

/* Begin XCVersionGroup section */
		4313B2F21CFF68A300D269FF /* CoreDataSensitiveModel.xcdatamodeld */ = {
			isa = XCVersionGroup;
			children = (
				4313B2F31CFF68A300D269FF /* CoreDataSensitiveModel.xcdatamodel */,
			);
			currentVersion = 4313B2F31CFF68A300D269FF /* CoreDataSensitiveModel.xcdatamodel */;
			path = CoreDataSensitiveModel.xcdatamodeld;
			sourceTree = "<group>";
			versionGroupType = wrapper.xcdatamodel;
		};
/* End XCVersionGroup section */
	};
	rootObject = 333A8D7DD5E860F4EEBF8B0A /* Project object */;
}
